
Microsoft Visual Studio Solution File, Format Version 12.00
# Visual Studio Version 17
VisualStudioVersion = 17.9.34728.123
MinimumVisualStudioVersion = 10.0.40219.1
Project("{FAE04EC0-301F-11D3-BF4B-00C04F79EFBC}") = "PracticaUnoApp", "PracticaUnoApp\PracticaUnoApp.csproj", "{4290C4E3-103C-40F8-B6BE-AD782E2C2FF1}"
EndProject
Global
	GlobalSection(SolutionConfigurationPlatforms) = preSolution
		Debug|Any CPU = Debug|Any CPU
		Release|Any CPU = Release|Any CPU
	EndGlobalSection
	GlobalSection(ProjectConfigurationPlatforms) = postSolution
		{4290C4E3-103C-40F8-B6BE-AD782E2C2FF1}.Debug|Any CPU.ActiveCfg = Debug|Any CPU
		{4290C4E3-103C-40F8-B6BE-AD782E2C2FF1}.Debug|Any CPU.Build.0 = Debug|Any CPU
		{4290C4E3-103C-40F8-B6BE-AD782E2C2FF1}.Release|Any CPU.ActiveCfg = Release|Any CPU
		{4290C4E3-103C-40F8-B6BE-AD782E2C2FF1}.Release|Any CPU.Build.0 = Release|Any CPU
	EndGlobalSection
	GlobalSection(SolutionProperties) = preSolution
		HideSolutionNode = FALSE
	EndGlobalSection
	GlobalSection(ExtensibilityGlobals) = postSolution
		SolutionGuid = {A93B398D-E8A1-4235-9F8B-42EBC5BB0138}
	EndGlobalSection
EndGlobal
