
Microsoft Visual Studio Solution File, Format Version 12.00
# Visual Studio Version 17
VisualStudioVersion = 17.9.34728.123
MinimumVisualStudioVersion = 10.0.40219.1
Project("{9A19103F-16F7-4668-BE54-9A1E7A4F7556}") = "BibliotecaUI", "BibliotecaUI\BibliotecaUI.csproj", "{733F5673-0550-4C95-8C36-DEE3C8F8CDA0}"
EndProject
Project("{FAE04EC0-301F-11D3-BF4B-00C04F79EFBC}") = "LibraryManagementSystemData", "LibraryManagementSystemData\LibraryManagementSystemData.csproj", "{D8D75E2D-DB79-422E-87ED-0D9630C444C8}"
EndProject
Global
	GlobalSection(SolutionConfigurationPlatforms) = preSolution
		Debug|Any CPU = Debug|Any CPU
		Release|Any CPU = Release|Any CPU
	EndGlobalSection
	GlobalSection(ProjectConfigurationPlatforms) = postSolution
		{733F5673-0550-4C95-8C36-DEE3C8F8CDA0}.Debug|Any CPU.ActiveCfg = Debug|Any CPU
		{733F5673-0550-4C95-8C36-DEE3C8F8CDA0}.Debug|Any CPU.Build.0 = Debug|Any CPU
		{733F5673-0550-4C95-8C36-DEE3C8F8CDA0}.Release|Any CPU.ActiveCfg = Release|Any CPU
		{733F5673-0550-4C95-8C36-DEE3C8F8CDA0}.Release|Any CPU.Build.0 = Release|Any CPU
		{D8D75E2D-DB79-422E-87ED-0D9630C444C8}.Debug|Any CPU.ActiveCfg = Debug|Any CPU
		{D8D75E2D-DB79-422E-87ED-0D9630C444C8}.Debug|Any CPU.Build.0 = Debug|Any CPU
		{D8D75E2D-DB79-422E-87ED-0D9630C444C8}.Release|Any CPU.ActiveCfg = Release|Any CPU
		{D8D75E2D-DB79-422E-87ED-0D9630C444C8}.Release|Any CPU.Build.0 = Release|Any CPU
	EndGlobalSection
	GlobalSection(SolutionProperties) = preSolution
		HideSolutionNode = FALSE
	EndGlobalSection
	GlobalSection(ExtensibilityGlobals) = postSolution
		SolutionGuid = {6B78ECAE-758E-4A4F-85E4-2B31DAC45CC8}
	EndGlobalSection
EndGlobal
