
Microsoft Visual Studio Solution File, Format Version 12.00
# Visual Studio Version 17
VisualStudioVersion = 17.9.34728.123
MinimumVisualStudioVersion = 10.0.40219.1
Project("{FAE04EC0-301F-11D3-BF4B-00C04F79EFBC}") = "BankAccountUI", "BankAccountUI\BankAccountUI.csproj", "{66ED4BA1-7878-48AA-8264-0F3C442266DE}"
EndProject
Project("{FAE04EC0-301F-11D3-BF4B-00C04F79EFBC}") = "BankAccountLibrary", "BankAccountLibrary\BankAccountLibrary.csproj", "{77C9B696-924C-4809-A3D9-30BBBAC08CB4}"
EndProject
Global
	GlobalSection(SolutionConfigurationPlatforms) = preSolution
		Debug|Any CPU = Debug|Any CPU
		Release|Any CPU = Release|Any CPU
	EndGlobalSection
	GlobalSection(ProjectConfigurationPlatforms) = postSolution
		{66ED4BA1-7878-48AA-8264-0F3C442266DE}.Debug|Any CPU.ActiveCfg = Debug|Any CPU
		{66ED4BA1-7878-48AA-8264-0F3C442266DE}.Debug|Any CPU.Build.0 = Debug|Any CPU
		{66ED4BA1-7878-48AA-8264-0F3C442266DE}.Release|Any CPU.ActiveCfg = Release|Any CPU
		{66ED4BA1-7878-48AA-8264-0F3C442266DE}.Release|Any CPU.Build.0 = Release|Any CPU
		{77C9B696-924C-4809-A3D9-30BBBAC08CB4}.Debug|Any CPU.ActiveCfg = Debug|Any CPU
		{77C9B696-924C-4809-A3D9-30BBBAC08CB4}.Debug|Any CPU.Build.0 = Debug|Any CPU
		{77C9B696-924C-4809-A3D9-30BBBAC08CB4}.Release|Any CPU.ActiveCfg = Release|Any CPU
		{77C9B696-924C-4809-A3D9-30BBBAC08CB4}.Release|Any CPU.Build.0 = Release|Any CPU
	EndGlobalSection
	GlobalSection(SolutionProperties) = preSolution
		HideSolutionNode = FALSE
	EndGlobalSection
	GlobalSection(ExtensibilityGlobals) = postSolution
		SolutionGuid = {2F0EBC17-37A7-4C06-805C-BD70DD73EC04}
	EndGlobalSection
EndGlobal
